// !$*UTF8*$!
{
	archiveVersion = 1;
	classes = {
	};
	objectVersion = 46;
	objects = {

/* Begin PBXBuildFile section */
		861BA6A91E42422D00166012 /* AppDelegate.swift in Sources */ = {isa = PBXBuildFile; fileRef = 861BA6A81E42422D00166012 /* AppDelegate.swift */; };
		861BA6AB1E42422E00166012 /* ViewController.swift in Sources */ = {isa = PBXBuildFile; fileRef = 861BA6AA1E42422E00166012 /* ViewController.swift */; };
		861BA6AE1E42422E00166012 /* Main.storyboard in Resources */ = {isa = PBXBuildFile; fileRef = 861BA6AC1E42422E00166012 /* Main.storyboard */; };
		861BA6B01E42422E00166012 /* Assets.xcassets in Resources */ = {isa = PBXBuildFile; fileRef = 861BA6AF1E42422E00166012 /* Assets.xcassets */; };
		861BA6B31E42422E00166012 /* LaunchScreen.storyboard in Resources */ = {isa = PBXBuildFile; fileRef = 861BA6B11E42422E00166012 /* LaunchScreen.storyboard */; };
		861BA6BE1E42422F00166012 /* WorldTrotterTests.swift in Sources */ = {isa = PBXBuildFile; fileRef = 861BA6BD1E42422F00166012 /* WorldTrotterTests.swift */; };
		861BA6C91E42423000166012 /* WorldTrotterUITests.swift in Sources */ = {isa = PBXBuildFile; fileRef = 861BA6C81E42423000166012 /* WorldTrotterUITests.swift */; };
/* End PBXBuildFile section */

/* Begin PBXContainerItemProxy section */
		861BA6BA1E42422F00166012 /* PBXContainerItemProxy */ = {
			isa = PBXContainerItemProxy;
			containerPortal = 861BA69D1E42422D00166012 /* Project object */;
			proxyType = 1;
			remoteGlobalIDString = 861BA6A41E42422D00166012;
			remoteInfo = WorldTrotter;
		};
		861BA6C51E42422F00166012 /* PBXContainerItemProxy */ = {
			isa = PBXContainerItemProxy;
			containerPortal = 861BA69D1E42422D00166012 /* Project object */;
			proxyType = 1;
			remoteGlobalIDString = 861BA6A41E42422D00166012;
			remoteInfo = WorldTrotter;
		};
/* End PBXContainerItemProxy section */

/* Begin PBXFileReference section */
		861BA6A51E42422D00166012 /* WorldTrotter.app */ = {isa = PBXFileReference; explicitFileType = wrapper.application; includeInIndex = 0; path = WorldTrotter.app; sourceTree = BUILT_PRODUCTS_DIR; };
		861BA6A81E42422D00166012 /* AppDelegate.swift */ = {isa = PBXFileReference; lastKnownFileType = sourcecode.swift; path = AppDelegate.swift; sourceTree = "<group>"; };
		861BA6AA1E42422E00166012 /* ViewController.swift */ = {isa = PBXFileReference; lastKnownFileType = sourcecode.swift; path = ViewController.swift; sourceTree = "<group>"; };
		861BA6AD1E42422E00166012 /* Base */ = {isa = PBXFileReference; lastKnownFileType = file.storyboard; name = Base; path = Base.lproj/Main.storyboard; sourceTree = "<group>"; };
		861BA6AF1E42422E00166012 /* Assets.xcassets */ = {isa = PBXFileReference; lastKnownFileType = folder.assetcatalog; path = Assets.xcassets; sourceTree = "<group>"; };
		861BA6B21E42422E00166012 /* Base */ = {isa = PBXFileReference; lastKnownFileType = file.storyboard; name = Base; path = Base.lproj/LaunchScreen.storyboard; sourceTree = "<group>"; };
		861BA6B41E42422F00166012 /* Info.plist */ = {isa = PBXFileReference; lastKnownFileType = text.plist.xml; path = Info.plist; sourceTree = "<group>"; };
		861BA6B91E42422F00166012 /* WorldTrotterTests.xctest */ = {isa = PBXFileReference; explicitFileType = wrapper.cfbundle; includeInIndex = 0; path = WorldTrotterTests.xctest; sourceTree = BUILT_PRODUCTS_DIR; };
		861BA6BD1E42422F00166012 /* WorldTrotterTests.swift */ = {isa = PBXFileReference; lastKnownFileType = sourcecode.swift; path = WorldTrotterTests.swift; sourceTree = "<group>"; };
		861BA6BF1E42422F00166012 /* Info.plist */ = {isa = PBXFileReference; lastKnownFileType = text.plist.xml; path = Info.plist; sourceTree = "<group>"; };
		861BA6C41E42422F00166012 /* WorldTrotterUITests.xctest */ = {isa = PBXFileReference; explicitFileType = wrapper.cfbundle; includeInIndex = 0; path = WorldTrotterUITests.xctest; sourceTree = BUILT_PRODUCTS_DIR; };
		861BA6C81E42423000166012 /* WorldTrotterUITests.swift */ = {isa = PBXFileReference; lastKnownFileType = sourcecode.swift; path = WorldTrotterUITests.swift; sourceTree = "<group>"; };
		861BA6CA1E42423000166012 /* Info.plist */ = {isa = PBXFileReference; lastKnownFileType = text.plist.xml; path = Info.plist; sourceTree = "<group>"; };
/* End PBXFileReference section */

/* Begin PBXFrameworksBuildPhase section */
		861BA6A21E42422D00166012 /* Frameworks */ = {
			isa = PBXFrameworksBuildPhase;
			buildActionMask = 2147483647;
			files = (
			);
			runOnlyForDeploymentPostprocessing = 0;
		};
		861BA6B61E42422F00166012 /* Frameworks */ = {
			isa = PBXFrameworksBuildPhase;
			buildActionMask = 2147483647;
			files = (
			);
			runOnlyForDeploymentPostprocessing = 0;
		};
		861BA6C11E42422F00166012 /* Frameworks */ = {
			isa = PBXFrameworksBuildPhase;
			buildActionMask = 2147483647;
			files = (
			);
			runOnlyForDeploymentPostprocessing = 0;
		};
/* End PBXFrameworksBuildPhase section */

/* Begin PBXGroup section */
		861BA69C1E42422C00166012 = {
			isa = PBXGroup;
			children = (
				861BA6A71E42422D00166012 /* WorldTrotter */,
				861BA6BC1E42422F00166012 /* WorldTrotterTests */,
				861BA6C71E42422F00166012 /* WorldTrotterUITests */,
				861BA6A61E42422D00166012 /* Products */,
			);
			sourceTree = "<group>";
		};
		861BA6A61E42422D00166012 /* Products */ = {
			isa = PBXGroup;
			children = (
				861BA6A51E42422D00166012 /* WorldTrotter.app */,
				861BA6B91E42422F00166012 /* WorldTrotterTests.xctest */,
				861BA6C41E42422F00166012 /* WorldTrotterUITests.xctest */,
			);
			name = Products;
			sourceTree = "<group>";
		};
		861BA6A71E42422D00166012 /* WorldTrotter */ = {
			isa = PBXGroup;
			children = (
				861BA6A81E42422D00166012 /* AppDelegate.swift */,
				861BA6AA1E42422E00166012 /* ViewController.swift */,
				861BA6AC1E42422E00166012 /* Main.storyboard */,
				861BA6AF1E42422E00166012 /* Assets.xcassets */,
				861BA6B11E42422E00166012 /* LaunchScreen.storyboard */,
				861BA6B41E42422F00166012 /* Info.plist */,
			);
			path = WorldTrotter;
			sourceTree = "<group>";
		};
		861BA6BC1E42422F00166012 /* WorldTrotterTests */ = {
			isa = PBXGroup;
			children = (
				861BA6BD1E42422F00166012 /* WorldTrotterTests.swift */,
				861BA6BF1E42422F00166012 /* Info.plist */,
			);
			path = WorldTrotterTests;
			sourceTree = "<group>";
		};
		861BA6C71E42422F00166012 /* WorldTrotterUITests */ = {
			isa = PBXGroup;
			children = (
				861BA6C81E42423000166012 /* WorldTrotterUITests.swift */,
				861BA6CA1E42423000166012 /* Info.plist */,
			);
			path = WorldTrotterUITests;
			sourceTree = "<group>";
		};
/* End PBXGroup section */

/* Begin PBXNativeTarget section */
		861BA6A41E42422D00166012 /* WorldTrotter */ = {
			isa = PBXNativeTarget;
			buildConfigurationList = 861BA6CD1E42423000166012 /* Build configuration list for PBXNativeTarget "WorldTrotter" */;
			buildPhases = (
				861BA6A11E42422D00166012 /* Sources */,
				861BA6A21E42422D00166012 /* Frameworks */,
				861BA6A31E42422D00166012 /* Resources */,
			);
			buildRules = (
			);
			dependencies = (
			);
			name = WorldTrotter;
			productName = WorldTrotter;
			productReference = 861BA6A51E42422D00166012 /* WorldTrotter.app */;
			productType = "com.apple.product-type.application";
		};
		861BA6B81E42422F00166012 /* WorldTrotterTests */ = {
			isa = PBXNativeTarget;
			buildConfigurationList = 861BA6D01E42423000166012 /* Build configuration list for PBXNativeTarget "WorldTrotterTests" */;
			buildPhases = (
				861BA6B51E42422F00166012 /* Sources */,
				861BA6B61E42422F00166012 /* Frameworks */,
				861BA6B71E42422F00166012 /* Resources */,
			);
			buildRules = (
			);
			dependencies = (
				861BA6BB1E42422F00166012 /* PBXTargetDependency */,
			);
			name = WorldTrotterTests;
			productName = WorldTrotterTests;
			productReference = 861BA6B91E42422F00166012 /* WorldTrotterTests.xctest */;
			productType = "com.apple.product-type.bundle.unit-test";
		};
		861BA6C31E42422F00166012 /* WorldTrotterUITests */ = {
			isa = PBXNativeTarget;
			buildConfigurationList = 861BA6D31E42423000166012 /* Build configuration list for PBXNativeTarget "WorldTrotterUITests" */;
			buildPhases = (
				861BA6C01E42422F00166012 /* Sources */,
				861BA6C11E42422F00166012 /* Frameworks */,
				861BA6C21E42422F00166012 /* Resources */,
			);
			buildRules = (
			);
			dependencies = (
				861BA6C61E42422F00166012 /* PBXTargetDependency */,
			);
			name = WorldTrotterUITests;
			productName = WorldTrotterUITests;
			productReference = 861BA6C41E42422F00166012 /* WorldTrotterUITests.xctest */;
			productType = "com.apple.product-type.bundle.ui-testing";
		};
/* End PBXNativeTarget section */

/* Begin PBXProject section */
		861BA69D1E42422D00166012 /* Project object */ = {
			isa = PBXProject;
			attributes = {
				LastSwiftUpdateCheck = 0820;
				LastUpgradeCheck = 0820;
				ORGANIZATIONNAME = "Matthew Olker";
				TargetAttributes = {
					861BA6A41E42422D00166012 = {
						CreatedOnToolsVersion = 8.2.1;
						ProvisioningStyle = Automatic;
					};
					861BA6B81E42422F00166012 = {
						CreatedOnToolsVersion = 8.2.1;
						ProvisioningStyle = Automatic;
						TestTargetID = 861BA6A41E42422D00166012;
					};
					861BA6C31E42422F00166012 = {
						CreatedOnToolsVersion = 8.2.1;
						ProvisioningStyle = Automatic;
						TestTargetID = 861BA6A41E42422D00166012;
					};
				};
			};
			buildConfigurationList = 861BA6A01E42422D00166012 /* Build configuration list for PBXProject "WorldTrotter" */;
			compatibilityVersion = "Xcode 3.2";
			developmentRegion = English;
			hasScannedForEncodings = 0;
			knownRegions = (
				en,
				Base,
			);
			mainGroup = 861BA69C1E42422C00166012;
			productRefGroup = 861BA6A61E42422D00166012 /* Products */;
			projectDirPath = "";
			projectRoot = "";
			targets = (
				861BA6A41E42422D00166012 /* WorldTrotter */,
				861BA6B81E42422F00166012 /* WorldTrotterTests */,
				861BA6C31E42422F00166012 /* WorldTrotterUITests */,
			);
		};
/* End PBXProject section */

/* Begin PBXResourcesBuildPhase section */
		861BA6A31E42422D00166012 /* Resources */ = {
			isa = PBXResourcesBuildPhase;
			buildActionMask = 2147483647;
			files = (
				861BA6B31E42422E00166012 /* LaunchScreen.storyboard in Resources */,
				861BA6B01E42422E00166012 /* Assets.xcassets in Resources */,
				861BA6AE1E42422E00166012 /* Main.storyboard in Resources */,
			);
			runOnlyForDeploymentPostprocessing = 0;
		};
		861BA6B71E42422F00166012 /* Resources */ = {
			isa = PBXResourcesBuildPhase;
			buildActionMask = 2147483647;
			files = (
			);
			runOnlyForDeploymentPostprocessing = 0;
		};
		861BA6C21E42422F00166012 /* Resources */ = {
			isa = PBXResourcesBuildPhase;
			buildActionMask = 2147483647;
			files = (
			);
			runOnlyForDeploymentPostprocessing = 0;
		};
/* End PBXResourcesBuildPhase section */

/* Begin PBXSourcesBuildPhase section */
		861BA6A11E42422D00166012 /* Sources */ = {
			isa = PBXSourcesBuildPhase;
			buildActionMask = 2147483647;
			files = (
				861BA6AB1E42422E00166012 /* ViewController.swift in Sources */,
				861BA6A91E42422D00166012 /* AppDelegate.swift in Sources */,
			);
			runOnlyForDeploymentPostprocessing = 0;
		};
		861BA6B51E42422F00166012 /* Sources */ = {
			isa = PBXSourcesBuildPhase;
			buildActionMask = 2147483647;
			files = (
				861BA6BE1E42422F00166012 /* WorldTrotterTests.swift in Sources */,
			);
			runOnlyForDeploymentPostprocessing = 0;
		};
		861BA6C01E42422F00166012 /* Sources */ = {
			isa = PBXSourcesBuildPhase;
			buildActionMask = 2147483647;
			files = (
				861BA6C91E42423000166012 /* WorldTrotterUITests.swift in Sources */,
			);
			runOnlyForDeploymentPostprocessing = 0;
		};
/* End PBXSourcesBuildPhase section */

/* Begin PBXTargetDependency section */
		861BA6BB1E42422F00166012 /* PBXTargetDependency */ = {
			isa = PBXTargetDependency;
			target = 861BA6A41E42422D00166012 /* WorldTrotter */;
			targetProxy = 861BA6BA1E42422F00166012 /* PBXContainerItemProxy */;
		};
		861BA6C61E42422F00166012 /* PBXTargetDependency */ = {
			isa = PBXTargetDependency;
			target = 861BA6A41E42422D00166012 /* WorldTrotter */;
			targetProxy = 861BA6C51E42422F00166012 /* PBXContainerItemProxy */;
		};
/* End PBXTargetDependency section */

/* Begin PBXVariantGroup section */
		861BA6AC1E42422E00166012 /* Main.storyboard */ = {
			isa = PBXVariantGroup;
			children = (
				861BA6AD1E42422E00166012 /* Base */,
			);
			name = Main.storyboard;
			sourceTree = "<group>";
		};
		861BA6B11E42422E00166012 /* LaunchScreen.storyboard */ = {
			isa = PBXVariantGroup;
			children = (
				861BA6B21E42422E00166012 /* Base */,
			);
			name = LaunchScreen.storyboard;
			sourceTree = "<group>";
		};
/* End PBXVariantGroup section */

/* Begin XCBuildConfiguration section */
		861BA6CB1E42423000166012 /* Debug */ = {
			isa = XCBuildConfiguration;
			buildSettings = {
				ALWAYS_SEARCH_USER_PATHS = NO;
				CLANG_ANALYZER_NONNULL = YES;
				CLANG_CXX_LANGUAGE_STANDARD = "gnu++0x";
				CLANG_CXX_LIBRARY = "libc++";
				CLANG_ENABLE_MODULES = YES;
				CLANG_ENABLE_OBJC_ARC = YES;
				CLANG_WARN_BOOL_CONVERSION = YES;
				CLANG_WARN_CONSTANT_CONVERSION = YES;
				CLANG_WARN_DIRECT_OBJC_ISA_USAGE = YES_ERROR;
				CLANG_WARN_DOCUMENTATION_COMMENTS = YES;
				CLANG_WARN_EMPTY_BODY = YES;
				CLANG_WARN_ENUM_CONVERSION = YES;
				CLANG_WARN_INFINITE_RECURSION = YES;
				CLANG_WARN_INT_CONVERSION = YES;
				CLANG_WARN_OBJC_ROOT_CLASS = YES_ERROR;
				CLANG_WARN_SUSPICIOUS_MOVE = YES;
				CLANG_WARN_UNREACHABLE_CODE = YES;
				CLANG_WARN__DUPLICATE_METHOD_MATCH = YES;
				"CODE_SIGN_IDENTITY[sdk=iphoneos*]" = "iPhone Developer";
				COPY_PHASE_STRIP = NO;
				DEBUG_INFORMATION_FORMAT = dwarf;
				ENABLE_STRICT_OBJC_MSGSEND = YES;
				ENABLE_TESTABILITY = YES;
				GCC_C_LANGUAGE_STANDARD = gnu99;
				GCC_DYNAMIC_NO_PIC = NO;
				GCC_NO_COMMON_BLOCKS = YES;
				GCC_OPTIMIZATION_LEVEL = 0;
				GCC_PREPROCESSOR_DEFINITIONS = (
					"DEBUG=1",
					"$(inherited)",
				);
				GCC_WARN_64_TO_32_BIT_CONVERSION = YES;
				GCC_WARN_ABOUT_RETURN_TYPE = YES_ERROR;
				GCC_WARN_UNDECLARED_SELECTOR = YES;
				GCC_WARN_UNINITIALIZED_AUTOS = YES_AGGRESSIVE;
				GCC_WARN_UNUSED_FUNCTION = YES;
				GCC_WARN_UNUSED_VARIABLE = YES;
				IPHONEOS_DEPLOYMENT_TARGET = 10.2;
				MTL_ENABLE_DEBUG_INFO = YES;
				ONLY_ACTIVE_ARCH = YES;
				SDKROOT = iphoneos;
				SWIFT_ACTIVE_COMPILATION_CONDITIONS = DEBUG;
				SWIFT_OPTIMIZATION_LEVEL = "-Onone";
				TARGETED_DEVICE_FAMILY = "1,2";
			};
			name = Debug;
		};
		861BA6CC1E42423000166012 /* Release */ = {
			isa = XCBuildConfiguration;
			buildSettings = {
				ALWAYS_SEARCH_USER_PATHS = NO;
				CLANG_ANALYZER_NONNULL = YES;
				CLANG_CXX_LANGUAGE_STANDARD = "gnu++0x";
				CLANG_CXX_LIBRARY = "libc++";
				CLANG_ENABLE_MODULES = YES;
				CLANG_ENABLE_OBJC_ARC = YES;
				CLANG_WARN_BOOL_CONVERSION = YES;
				CLANG_WARN_CONSTANT_CONVERSION = YES;
				CLANG_WARN_DIRECT_OBJC_ISA_USAGE = YES_ERROR;
				CLANG_WARN_DOCUMENTATION_COMMENTS = YES;
				CLANG_WARN_EMPTY_BODY = YES;
				CLANG_WARN_ENUM_CONVERSION = YES;
				CLANG_WARN_INFINITE_RECURSION = YES;
				CLANG_WARN_INT_CONVERSION = YES;
				CLANG_WARN_OBJC_ROOT_CLASS = YES_ERROR;
				CLANG_WARN_SUSPICIOUS_MOVE = YES;
				CLANG_WARN_UNREACHABLE_CODE = YES;
				CLANG_WARN__DUPLICATE_METHOD_MATCH = YES;
				"CODE_SIGN_IDENTITY[sdk=iphoneos*]" = "iPhone Developer";
				COPY_PHASE_STRIP = NO;
				DEBUG_INFORMATION_FORMAT = "dwarf-with-dsym";
				ENABLE_NS_ASSERTIONS = NO;
				ENABLE_STRICT_OBJC_MSGSEND = YES;
				GCC_C_LANGUAGE_STANDARD = gnu99;
				GCC_NO_COMMON_BLOCKS = YES;
				GCC_WARN_64_TO_32_BIT_CONVERSION = YES;
				GCC_WARN_ABOUT_RETURN_TYPE = YES_ERROR;
				GCC_WARN_UNDECLARED_SELECTOR = YES;
				GCC_WARN_UNINITIALIZED_AUTOS = YES_AGGRESSIVE;
				GCC_WARN_UNUSED_FUNCTION = YES;
				GCC_WARN_UNUSED_VARIABLE = YES;
				IPHONEOS_DEPLOYMENT_TARGET = 10.2;
				MTL_ENABLE_DEBUG_INFO = NO;
				SDKROOT = iphoneos;
				SWIFT_OPTIMIZATION_LEVEL = "-Owholemodule";
				TARGETED_DEVICE_FAMILY = "1,2";
				VALIDATE_PRODUCT = YES;
			};
			name = Release;
		};
		861BA6CE1E42423000166012 /* Debug */ = {
			isa = XCBuildConfiguration;
			buildSettings = {
				ASSETCATALOG_COMPILER_APPICON_NAME = AppIcon;
				INFOPLIST_FILE = WorldTrotter/Info.plist;
				LD_RUNPATH_SEARCH_PATHS = "$(inherited) @executable_path/Frameworks";
				PRODUCT_BUNDLE_IDENTIFIER = com.molker.WorldTrotter;
				PRODUCT_NAME = "$(TARGET_NAME)";
				SWIFT_VERSION = 3.0;
			};
			name = Debug;
		};
		861BA6CF1E42423000166012 /* Release */ = {
			isa = XCBuildConfiguration;
			buildSettings = {
				ASSETCATALOG_COMPILER_APPICON_NAME = AppIcon;
				INFOPLIST_FILE = WorldTrotter/Info.plist;
				LD_RUNPATH_SEARCH_PATHS = "$(inherited) @executable_path/Frameworks";
				PRODUCT_BUNDLE_IDENTIFIER = com.molker.WorldTrotter;
				PRODUCT_NAME = "$(TARGET_NAME)";
				SWIFT_VERSION = 3.0;
			};
			name = Release;
		};
		861BA6D11E42423000166012 /* Debug */ = {
			isa = XCBuildConfiguration;
			buildSettings = {
				ALWAYS_EMBED_SWIFT_STANDARD_LIBRARIES = YES;
				BUNDLE_LOADER = "$(TEST_HOST)";
				INFOPLIST_FILE = WorldTrotterTests/Info.plist;
				LD_RUNPATH_SEARCH_PATHS = "$(inherited) @executable_path/Frameworks @loader_path/Frameworks";
				PRODUCT_BUNDLE_IDENTIFIER = com.molker.WorldTrotterTests;
				PRODUCT_NAME = "$(TARGET_NAME)";
				SWIFT_VERSION = 3.0;
				TEST_HOST = "$(BUILT_PRODUCTS_DIR)/WorldTrotter.app/WorldTrotter";
			};
			name = Debug;
		};
		861BA6D21E42423000166012 /* Release */ = {
			isa = XCBuildConfiguration;
			buildSettings = {
				ALWAYS_EMBED_SWIFT_STANDARD_LIBRARIES = YES;
				BUNDLE_LOADER = "$(TEST_HOST)";
				INFOPLIST_FILE = WorldTrotterTests/Info.plist;
				LD_RUNPATH_SEARCH_PATHS = "$(inherited) @executable_path/Frameworks @loader_path/Frameworks";
				PRODUCT_BUNDLE_IDENTIFIER = com.molker.WorldTrotterTests;
				PRODUCT_NAME = "$(TARGET_NAME)";
				SWIFT_VERSION = 3.0;
				TEST_HOST = "$(BUILT_PRODUCTS_DIR)/WorldTrotter.app/WorldTrotter";
			};
			name = Release;
		};
		861BA6D41E42423000166012 /* Debug */ = {
			isa = XCBuildConfiguration;
			buildSettings = {
				ALWAYS_EMBED_SWIFT_STANDARD_LIBRARIES = YES;
				INFOPLIST_FILE = WorldTrotterUITests/Info.plist;
				LD_RUNPATH_SEARCH_PATHS = "$(inherited) @executable_path/Frameworks @loader_path/Frameworks";
				PRODUCT_BUNDLE_IDENTIFIER = com.molker.WorldTrotterUITests;
				PRODUCT_NAME = "$(TARGET_NAME)";
				SWIFT_VERSION = 3.0;
				TEST_TARGET_NAME = WorldTrotter;
			};
			name = Debug;
		};
		861BA6D51E42423000166012 /* Release */ = {
			isa = XCBuildConfiguration;
			buildSettings = {
				ALWAYS_EMBED_SWIFT_STANDARD_LIBRARIES = YES;
				INFOPLIST_FILE = WorldTrotterUITests/Info.plist;
				LD_RUNPATH_SEARCH_PATHS = "$(inherited) @executable_path/Frameworks @loader_path/Frameworks";
				PRODUCT_BUNDLE_IDENTIFIER = com.molker.WorldTrotterUITests;
				PRODUCT_NAME = "$(TARGET_NAME)";
				SWIFT_VERSION = 3.0;
				TEST_TARGET_NAME = WorldTrotter;
			};
			name = Release;
		};
/* End XCBuildConfiguration section */

/* Begin XCConfigurationList section */
		861BA6A01E42422D00166012 /* Build configuration list for PBXProject "WorldTrotter" */ = {
			isa = XCConfigurationList;
			buildConfigurations = (
				861BA6CB1E42423000166012 /* Debug */,
				861BA6CC1E42423000166012 /* Release */,
			);
			defaultConfigurationIsVisible = 0;
			defaultConfigurationName = Release;
		};
		861BA6CD1E42423000166012 /* Build configuration list for PBXNativeTarget "WorldTrotter" */ = {
			isa = XCConfigurationList;
			buildConfigurations = (
				861BA6CE1E42423000166012 /* Debug */,
				861BA6CF1E42423000166012 /* Release */,
			);
			defaultConfigurationIsVisible = 0;
		};
		861BA6D01E42423000166012 /* Build configuration list for PBXNativeTarget "WorldTrotterTests" */ = {
			isa = XCConfigurationList;
			buildConfigurations = (
				861BA6D11E42423000166012 /* Debug */,
				861BA6D21E42423000166012 /* Release */,
			);
			defaultConfigurationIsVisible = 0;
		};
		861BA6D31E42423000166012 /* Build configuration list for PBXNativeTarget "WorldTrotterUITests" */ = {
			isa = XCConfigurationList;
			buildConfigurations = (
				861BA6D41E42423000166012 /* Debug */,
				861BA6D51E42423000166012 /* Release */,
			);
			defaultConfigurationIsVisible = 0;
		};
/* End XCConfigurationList section */
	};
	rootObject = 861BA69D1E42422D00166012 /* Project object */;
}
